{
    "_meta": {
        "hash": {
            "sha256": "0389a5419caed9d9c24dd2a2a0509d873309c731e1e6fdf60a988f695664f72e"
        },
        "pipfile-spec": 6,
        "requires": {
            "python_version": "3.11"
        },
        "sources": [
            {
                "name": "pypi",
                "url": "https://pypi.org/simple",
                "verify_ssl": true
            }
        ]
    },
    "default": {
        "brotli": {
            "hashes": [
                "sha256:022426c9e99fd65d9475dce5c195526f04bb8be8907607e27e747893f6ee3e24",
                "sha256:072e7624b1fc4d601036ab3f4f27942ef772887e876beff0301d261210bca97f",
                "sha256:09ac247501d1909e9ee47d309be760c89c990defbb2e0240845c892ea5ff0de4",
                "sha256:0bbd5b5ccd157ae7913750476d48099aaf507a79841c0d04a9db4415b14842de",
                "sha256:0cf8c3b8ba93d496b2fae778039e2f5ecc7cff99df84df337ca31d8f2252896c",
                "sha256:14ef29fc5f310d34fc7696426071067462c9292ed98b5ff5a27ac70a200e5470",
                "sha256:15b33fe93cedc4caaff8a0bd1eb7e3dab1c61bb22a0bf5bdfdfd97cd7da79744",
                "sha256:1b1d6a4efedd53671c793be6dd760fcf2107da3a52331ad9ea429edf0902f27a",
                "sha256:1b557b29782a643420e08d75aea889462a4a8796e9a6cf5621ab05a3f7da8ef2",
                "sha256:1b71754d5b6eda54d16fbbed7fce2d8bc6c052a1b91a35c320247946ee103502",
                "sha256:1ce223652fd4ed3eb2b7f78fbea31c52314baecfac68db44037bb4167062a937",
                "sha256:1e68cdf321ad05797ee41d1d09169e09d40fdf51a725bb148bff892ce04583d7",
                "sha256:260d3692396e1895c5034f204f0db022c056f9e2ac841593a4cf9426e2a3faca",
                "sha256:26e8d3ecb0ee458a9804f47f21b74845cc823fd1bb19f02272be70774f56e2a6",
                "sha256:2881416badd2a88a7a14d981c103a52a23a276a553a8aacc1346c2ff47c8dc17",
                "sha256:29b7e6716ee4ea0c59e3b241f682204105f7da084d6254ec61886508efeb43bc",
                "sha256:2a7f1d03727130fc875448b65b127a9ec5d06d19d0148e7554384229706f9d1b",
                "sha256:2d39b54b968f4b49b5e845758e202b1035f948b0561ff5e6385e855c96625971",
                "sha256:2e1ad3fda65ae0d93fec742a128d72e145c9c7a99ee2fcd667785d99eb25a7fe",
                "sha256:3173e1e57cebb6d1de186e46b5680afbd82fd4301d7b2465beebe83ed317066d",
                "sha256:3219bd9e69868e57183316ee19c84e03e8f8b5a1d1f2667e1aa8c2f91cb061ac",
                "sha256:350c8348f0e76fff0a0fd6c26755d2653863279d086d3aa2c290a6a7251135dd",
                "sha256:35d382625778834a7f3061b15423919aa03e4f5da34ac8e02c074e4b75ab4f84",
                "sha256:3b90b767916ac44e93a8e28ce6adf8d551e43affb512f2377c732d486ac6514e",
                "sha256:3e1b35d56856f3ed326b140d3c6d9db91740f22e14b06e840fe4bb1923439a18",
                "sha256:3ebe801e0f4e56d17cd386ca6600573e3706ce1845376307f5d2cbd32149b69a",
                "sha256:3f3c908bcc404c90c77d5a073e55271a0a498f4e0756e48127c35d91cf155947",
                "sha256:40d918bce2b427a0c4ba189df7a006ac0c7277c180aee4617d99e9ccaaf59e6a",
                "sha256:465a0d012b3d3e4f1d6146ea019b5c11e3e87f03d1676da1cc3833462e672fb0",
                "sha256:4735a10f738cb5516905a121f32b24ce196ab82cfc1e4ba2e3ad1b371085fd46",
                "sha256:4ecdb3b6dc36e6d6e14d3a1bdc6c1057c8cbf80db04031d566eb6080ce283a48",
                "sha256:50b1b799f45da91292ffaa21a473ab3a3054fa78560e8ff67082a185274431c8",
                "sha256:54a50a9dad16b32136b2241ddea9e4df159b41247b2ce6aac0b3276a66a8f1e5",
                "sha256:5732eff8973dd995549a18ecbd8acd692ac611c5c0bb3f59fa3541ae27b33be3",
                "sha256:598e88c736f63a0efec8363f9eb34e5b5536b7b6b1821e401afcb501d881f59a",
                "sha256:640fe199048f24c474ec6f3eae67c48d286de12911110437a36a87d7c89573a6",
                "sha256:66c02c187ad250513c2f4fce973ef402d22f80e0adce734ee4e4efd657b6cb64",
                "sha256:67a91c5187e1eec76a61625c77a6c8c785650f5b576ca732bd33ef58b0dff49c",
                "sha256:6be67c19e0b0c56365c6a76e393b932fb0e78b3b56b711d180dd7013cb1fd984",
                "sha256:6c12dad5cd04530323e723787ff762bac749a7b256a5bece32b2243dd5c27b21",
                "sha256:71a66c1c9be66595d628467401d5976158c97888c2c9379c034e1e2312c5b4f5",
                "sha256:7274942e69b17f9cef76691bcf38f2b2d4c8a5f5dba6ec10958363dcb3308a0a",
                "sha256:7547369c4392b47d30a3467fe8c3330b4f2e0f7730e45e3103d7d636678a808b",
                "sha256:7a47ce5c2288702e09dc22a44d0ee6152f2c7eda97b3c8482d826a1f3cfc7da7",
                "sha256:7a61c06b334bd99bc5ae84f1eeb36bfe01400264b3c352f968c6e30a10f9d08b",
                "sha256:7ad8cec81f34edf44a1c6a7edf28e7b7806dfb8886e371d95dcf789ccd4e4982",
                "sha256:7e9053f5fb4e0dfab89243079b3e217f2aea4085e4d58c5c06115fc34823707f",
                "sha256:7fa18d65a213abcfbb2f6cafbb4c58863a8bd6f2103d65203c520ac117d1944b",
                "sha256:81da1b229b1889f25adadc929aeb9dbc4e922bd18561b65b08dd9343cfccca84",
                "sha256:82676c2781ecf0ab23833796062786db04648b7aae8be139f6b8065e5e7b1518",
                "sha256:832c115a020e463c2f67664560449a7bea26b0c1fdd690352addad6d0a08714d",
                "sha256:844a8ceb8483fefafc412f85c14f2aae2fb69567bf2a0de53cdb88b73e7c43ae",
                "sha256:865cedc7c7c303df5fad14a57bc5db1d4f4f9b2b4d0a7523ddd206f00c121a16",
                "sha256:88ef7d55b7bcf3331572634c3fd0ed327d237ceb9be6066810d39020a3ebac7a",
                "sha256:898be2be399c221d2671d29eed26b6b2713a02c2119168ed914e7d00ceadb56f",
                "sha256:8d4f47f284bdd28629481c97b5f29ad67544fa258d9091a6ed1fda47c7347cd1",
                "sha256:92edab1e2fd6cd5ca605f57d4545b6599ced5dea0fd90b2bcdf8b247a12bd190",
                "sha256:9322b9f8656782414b37e6af884146869d46ab85158201d82bab9abbcb971dc7",
                "sha256:95db242754c21a88a79e01504912e537808504465974ebb92931cfca2510469e",
                "sha256:963a08f3bebd8b75ac57661045402da15991468a621f014be54e50f53a58d19e",
                "sha256:96fbe82a58cdb2f872fa5d87dedc8477a12993626c446de794ea025bbda625ea",
                "sha256:99cfa69813d79492f0e5d52a20fd18395bc82e671d5d40bd5a91d13e75e468e8",
                "sha256:9c79f57faa25d97900bfb119480806d783fba83cd09ee0b33c17623935b05fa3",
                "sha256:9e5825ba2c9998375530504578fd4d5d1059d09621a02065d1b6bfc41a8e05ab",
                "sha256:9fe11467c42c133f38d42289d0861b6b4f9da31e8087ca2c0d7ebb4543625526",
                "sha256:a1778532b978d2536e79c05dac2d8cd857f6c55cd0c95ace5b03740824e0e2f1",
                "sha256:a387225a67f619bf16bd504c37655930f910eb03675730fc2ad69d3d8b5e7e92",
                "sha256:a56ef534b66a749759ebd091c19c03ef81eb8cd96f0d1d16b59127eaf1b97a12",
                "sha256:aa47441fa3026543513139cb8926a92a8e305ee9c71a6209ef7a97d91640ea03",
                "sha256:ac27a70bda257ae3f380ec8310b0a06680236bea547756c277b5dfe55a2452a8",
                "sha256:acec55bb7c90f1dfc476126f9711a8e81c9af7fb617409a9ee2953115343f08d",
                "sha256:adedc4a67e15327dfdd04884873c6d5a01d3e3b6f61406f99b1ed4865a2f6d28",
                "sha256:af43b8711a8264bb4e7d6d9a6d004c3a2019c04c01127a868709ec29962b6036",
                "sha256:b232029d100d393ae3c603c8ffd7e3fe6f798c5e28ddca5feabb8e8fdb732997",
                "sha256:b35c13ce241abdd44cb8ca70683f20c0c079728a36a996297adb5334adfc1c44",
                "sha256:b63daa43d82f0cdabf98dee215b375b4058cce72871fd07934f179885aad16e8",
                "sha256:b908d1a7b28bc72dfb743be0d4d3f8931f8309f810af66c906ae6cd4127c93cb",
                "sha256:ba76177fd318ab7b3b9bf6522be5e84c2ae798754b6cc028665490f6e66b5533",
                "sha256:bba6e7e6cfe1e6cb6eb0b7c2736a6059461de1fa2c0ad26cf845de6c078d16c8",
                "sha256:c0d6770111d1879881432f81c369de5cde6e9467be7c682a983747ec800544e2",
                "sha256:c16ab1ef7bb55651f5836e8e62db1f711d55b82ea08c3b8083ff037157171a69",
                "sha256:c1702888c9f3383cc2f09eb3e88b8babf5965a54afb79649458ec7c3c7a63e96",
                "sha256:c25332657dee6052ca470626f18349fc1fe8855a56218e19bd7a8c6ad4952c49",
                "sha256:c8565e3cdc1808b1a34714b553b262c5de5fbda202285782173ec137fd13709f",
                "sha256:cf9cba6f5b78a2071ec6fb1e7bd39acf35071d90a81231d67e92d637776a6a63",
                "sha256:d206a36b4140fbb5373bf1eb73fb9de589bb06afd0d22376de23c5e91d0ab35f",
                "sha256:d2d085ded05278d1c7f65560aae97b3160aeb2ea2c0b3e26204856beccb60888",
                "sha256:d8c05b1dfb61af28ef37624385b0029df902ca896a639881f594060b30ffc9a7",
                "sha256:e310f77e41941c13340a95976fe66a8a95b01e783d430eeaf7a2f87e0a57dd0a",
                "sha256:e7c0af964e0b4e3412a0ebf341ea26ec767fa0b4cf81abb5e897c9338b5ad6a3",
                "sha256:e80a28f2b150774844c8b454dd288be90d76ba6109670fe33d7ff54d96eb5cb8",
                "sha256:e813da3d2d865e9793ef681d3a6b66fa4b7c19244a45b817d0cceda67e615990",
                "sha256:e85190da223337a6b7431d92c799fca3e2982abd44e7b8dec69938dcc81c8e9e",
                "sha256:e99befa0b48f3cd293dafeacdd0d191804d105d279e0b387a32054c1180f3161",
                "sha256:eda5a6d042c698e28bda2507a89b16555b9aa954ef1d750e1c20473481aff675",
                "sha256:ef87b8ab2704da227e83a246356a2b179ef826f550f794b2c52cddb4efbd0196",
                "sha256:f16dace5e4d3596eaeb8af334b4d2c820d34b8278da633ce4a00020b2eac981c",
                "sha256:f8d635cafbbb0c61327f942df2e3f474dde1cff16c3cd0580564774eaba1ee13",
                "sha256:fc1530af5c3c275b8524f2e24841cbe2599d74462455e9bae5109e9ff42e9361",
                "sha256:ff09cd8c5eec3b9d02d2408db41be150d8891c5566addce57513bf546e3d6c6d"
            ],
            "markers": "platform_python_implementation == 'CPython'",
            "version": "==1.2.0"
        },
        "certifi": {
            "hashes": [
                "sha256:97de8790030bbd5c2d96b7ec782fc2f7820ef8dba6db909ccf95449f2d062d4b",
                "sha256:d8ab5478f2ecd78af242878415affce761ca6bc54a22a27e026d7c25357c3316"
            ],
            "markers": "python_version >= '3.7'",
            "version": "==2025.11.12"
        },
        "charset-normalizer": {
            "hashes": [
                "sha256:5a3d016c7c547f69d6f81fb0db9449ce888b418b5b9952cc5e6e66843e9dd845",
                "sha256:83e9a75d1911279afd89352c68b45348559d1fc0506b054b346651b5e7fee29f"
            ],
            "markers": "python_full_version >= '3.6.0'",
            "version": "==2.1.1"
        },
        "dicttoxml": {
            "hashes": [
                "sha256:6f36ce644881db5cd8940bee9b7cb3f3f6b7b327ba8a67d83d3e2caa0538bf9d",
                "sha256:8677671496d0d38e66c7179f82a7e9059f94887777955dc71b0ac602ee637c26"
            ],
            "index": "pypi",
            "markers": "python_version >= '3.6'",
            "version": "==1.7.16"
        },
        "idna": {
            "hashes": [
                "sha256:771a87f49d9defaf64091e6e6fe9c18d4833f140bd19464795bc32d966ca37ea",
                "sha256:795dafcc9c04ed0c1fb032c2aa73654d8e8c5023a7df64a53f39190ada629902"
            ],
            "markers": "python_version >= '3.8'",
            "version": "==3.11"
        },
        "luminadb": {
            "hashes": [
                "sha256:612cd47b6f5ddb9db35a0c4da8dbe252c891f658c4df79c430e1395e1bc796d5",
                "sha256:9070e997c66be7df2c5a2e1a1ab79b7ede85ab8e391066f6c12aa344efe6914e"
            ],
            "index": "pypi",
            "markers": "python_version >= '3.11'",
            "version": "==0.8.0"
        },
        "mutagen": {
            "hashes": [
                "sha256:719fadef0a978c31b4cf3c956261b3c58b6948b32023078a2117b1de09f0fc99",
                "sha256:edd96f50c5907a9539d8e5bba7245f62c9f520aef333d13392a79a4f70aca719"
            ],
            "markers": "python_version >= '3.7'",
            "version": "==1.47.0"
        },
        "pillow": {
            "hashes": [
                "sha256:03150abd92771742d4a8cd6f2fa6246d847dcd2e332a18d0c15cc75bf6703040",
                "sha256:073adb2ae23431d3b9bcbcff3fe698b62ed47211d0716b067385538a1b0f28b8",
                "sha256:0b07fffc13f474264c336298d1b4ce01d9c5a011415b79d4ee5527bb69ae6f65",
                "sha256:0b7257127d646ff8676ec8a15520013a698d1fdc48bc2a79ba4e53df792526f2",
                "sha256:12ce4932caf2ddf3e41d17fc9c02d67126935a44b86df6a206cf0d7161548627",
                "sha256:15c42fb9dea42465dfd902fb0ecf584b8848ceb28b41ee2b58f866411be33f07",
                "sha256:18498994b29e1cf86d505edcb7edbe814d133d2232d256db8c7a8ceb34d18cef",
                "sha256:1c7c8ae3864846fc95f4611c78129301e203aaa2af813b703c55d10cc1628535",
                "sha256:22b012ea2d065fd163ca096f4e37e47cd8b59cf4b0fd47bfca6abb93df70b34c",
                "sha256:276a5ca930c913f714e372b2591a22c4bd3b81a418c0f6635ba832daec1cbcfc",
                "sha256:2e0918e03aa0c72ea56edbb00d4d664294815aa11291a11504a377ea018330d3",
                "sha256:3033fbe1feb1b59394615a1cafaee85e49d01b51d54de0cbf6aa8e64182518a1",
                "sha256:3168434d303babf495d4ba58fc22d6604f6e2afb97adc6a423e917dab828939c",
                "sha256:32a44128c4bdca7f31de5be641187367fe2a450ad83b833ef78910397db491aa",
                "sha256:3dd6caf940756101205dffc5367babf288a30043d35f80936f9bfb37f8355b32",
                "sha256:40e1ce476a7804b0fb74bcfa80b0a2206ea6a882938eaba917f7a0f004b42502",
                "sha256:41e0051336807468be450d52b8edd12ac60bebaa97fe10c8b660f116e50b30e4",
                "sha256:4390e9ce199fc1951fcfa65795f239a8a4944117b5935a9317fb320e7767b40f",
                "sha256:502526a2cbfa431d9fc2a079bdd9061a2397b842bb6bc4239bb176da00993812",
                "sha256:51e0e543a33ed92db9f5ef69a0356e0b1a7a6b6a71b80df99f1d181ae5875636",
                "sha256:57751894f6618fd4308ed8e0c36c333e2f5469744c34729a27532b3db106ee20",
                "sha256:5d77adcd56a42d00cc1be30843d3426aa4e660cab4a61021dc84467123f7a00c",
                "sha256:655a83b0058ba47c7c52e4e2df5ecf484c1b0b0349805896dd350cbc416bdd91",
                "sha256:68943d632f1f9e3dce98908e873b3a090f6cba1cbb1b892a9e8d97c938871fbe",
                "sha256:6c738585d7a9961d8c2821a1eb3dcb978d14e238be3d70f0a706f7fa9316946b",
                "sha256:73bd195e43f3fadecfc50c682f5055ec32ee2c933243cafbfdec69ab1aa87cad",
                "sha256:772a91fc0e03eaf922c63badeca75e91baa80fe2f5f87bdaed4280662aad25c9",
                "sha256:77ec3e7be99629898c9a6d24a09de089fa5356ee408cdffffe62d67bb75fdd72",
                "sha256:7db8b751ad307d7cf238f02101e8e36a128a6cb199326e867d1398067381bff4",
                "sha256:801ec82e4188e935c7f5e22e006d01611d6b41661bba9fe45b60e7ac1a8f84de",
                "sha256:82409ffe29d70fd733ff3c1025a602abb3e67405d41b9403b00b01debc4c9a29",
                "sha256:828989c45c245518065a110434246c44a56a8b2b2f6347d1409c787e6e4651ee",
                "sha256:829f97c8e258593b9daa80638aee3789b7df9da5cf1336035016d76f03b8860c",
                "sha256:871b72c3643e516db4ecf20efe735deb27fe30ca17800e661d769faab45a18d7",
                "sha256:89dca0ce00a2b49024df6325925555d406b14aa3efc2f752dbb5940c52c56b11",
                "sha256:90fb88843d3902fe7c9586d439d1e8c05258f41da473952aa8b328d8b907498c",
                "sha256:97aabc5c50312afa5e0a2b07c17d4ac5e865b250986f8afe2b02d772567a380c",
                "sha256:9aaa107275d8527e9d6e7670b64aabaaa36e5b6bd71a1015ddd21da0d4e06448",
                "sha256:9f47eabcd2ded7698106b05c2c338672d16a6f2a485e74481f524e2a23c2794b",
                "sha256:a0a06a052c5f37b4ed81c613a455a81f9a3a69429b4fd7bb913c3fa98abefc20",
                "sha256:ab388aaa3f6ce52ac1cb8e122c4bd46657c15905904b3120a6248b5b8b0bc228",
                "sha256:ad58d27a5b0262c0c19b47d54c5802db9b34d38bbf886665b626aff83c74bacd",
                "sha256:ae5331c23ce118c53b172fa64a4c037eb83c9165aba3a7ba9ddd3ec9fa64a699",
                "sha256:af0372acb5d3598f36ec0914deed2a63f6bcdb7b606da04dc19a88d31bf0c05b",
                "sha256:afa4107d1b306cdf8953edde0534562607fe8811b6c4d9a486298ad31de733b2",
                "sha256:b03ae6f1a1878233ac620c98f3459f79fd77c7e3c2b20d460284e1fb370557d4",
                "sha256:b0915e734b33a474d76c28e07292f196cdf2a590a0d25bcc06e64e545f2d146c",
                "sha256:b4012d06c846dc2b80651b120e2cdd787b013deb39c09f407727ba90015c684f",
                "sha256:b472b5ea442148d1c3e2209f20f1e0bb0eb556538690fa70b5e1f79fa0ba8dc2",
                "sha256:b59430236b8e58840a0dfb4099a0e8717ffb779c952426a69ae435ca1f57210c",
                "sha256:b90f7616ea170e92820775ed47e136208e04c967271c9ef615b6fbd08d9af0e3",
                "sha256:b9a65733d103311331875c1dca05cb4606997fd33d6acfed695b1232ba1df193",
                "sha256:bac18ab8d2d1e6b4ce25e3424f709aceef668347db8637c2296bcf41acb7cf48",
                "sha256:bca31dd6014cb8b0b2db1e46081b0ca7d936f856da3b39744aef499db5d84d02",
                "sha256:be55f8457cd1eac957af0c3f5ece7bc3f033f89b114ef30f710882717670b2a8",
                "sha256:c7025dce65566eb6e89f56c9509d4f628fddcedb131d9465cacd3d8bac337e7e",
                "sha256:c935a22a557a560108d780f9a0fc426dd7459940dc54faa49d83249c8d3e760f",
                "sha256:dbb8e7f2abee51cef77673be97760abff1674ed32847ce04b4af90f610144c7b",
                "sha256:e6ea6b856a74d560d9326c0f5895ef8050126acfdc7ca08ad703eb0081e82b74",
                "sha256:ebf2029c1f464c59b8bdbe5143c79fa2045a581ac53679733d3a91d400ff9efb",
                "sha256:f1ff2ee69f10f13a9596480335f406dd1f70c3650349e2be67ca3139280cade0"
            ],
            "index": "pypi",
            "markers": "python_version >= '3.7'",
            "version": "==9.3.0"
        },
        "pycryptodomex": {
            "hashes": [
                "sha256:02d87b80778c171445d67e23d1caef279bf4b25c3597050ccd2e13970b57fd51",
                "sha256:06698f957fe1ab229a99ba2defeeae1c09af185baa909a31a5d1f9d42b1aaed6",
                "sha256:14c37aaece158d0ace436f76a7bb19093db3b4deade9797abfc39ec6cd6cc2fe",
                "sha256:189afbc87f0b9f158386bf051f720e20fa6145975f1e76369303d0f31d1a8d7c",
                "sha256:1c3a65ad441746b250d781910d26b7ed0a396733c6f2dbc3327bd7051ec8a541",
                "sha256:1c6d919fc8429e5cb228ba8c0d4d03d202a560b421c14867a65f6042990adc8e",
                "sha256:267a3038f87a8565bd834317dbf053a02055915acf353bf42ededb9edaf72010",
                "sha256:27e13c80ac9a0a1d050ef0a7e0a18cc04c8850101ec891815b6c5a0375e8a245",
                "sha256:43c446e2ba8df8889e0e16f02211c25b4934898384c1ec1ec04d7889c0333587",
                "sha256:47f6d318fe864d02d5e59a20a18834819596c4ed1d3c917801b22b92b3ffa648",
                "sha256:4e79f1aaff5a3a374e92eb462fa9e598585452135012e2945f96874ca6eeb1ff",
                "sha256:4f2596e643d4365e14d0879dc5aafe6355616c61c2176009270f3048f6d9a61f",
                "sha256:52e5ca58c3a0b0bd5e100a9fbc8015059b05cffc6c66ce9d98b4b45e023443b9",
                "sha256:55ccbe27f049743a4caf4f4221b166560d3438d0b1e5ab929e07ae1702a4d6fd",
                "sha256:58b851b9effd0d072d4ca2e4542bf2a4abcf13c82a29fd2c93ce27ee2a2e9462",
                "sha256:6b8962204c47464d5c1c4038abeadd4514a133b28748bcd9fa5b6d62e3cec6fa",
                "sha256:6bbcb1dd0f646484939e142462d9e532482bc74475cecf9c4903d4e1cd21f003",
                "sha256:71909758f010c82bc99b0abf4ea12012c98962fbf0583c2164f8b84533c2e4da",
                "sha256:7b37e08e3871efe2187bc1fd9320cc81d87caf19816c648f24443483005ff886",
                "sha256:7de1e40a41a5d7f1ac42b6569b10bcdded34339950945948529067d8426d2785",
                "sha256:8a4fcd42ccb04c31268d1efeecfccfd1249612b4de6374205376b8f280321744",
                "sha256:91979028227543010d7b2ba2471cf1d1e398b3f183cb105ac584df0c36dac28d",
                "sha256:a33986a0066860f7fcf7c7bd2bc804fa90e434183645595ae7b33d01f3c91ed8",
                "sha256:a9d446e844f08299236780f2efa9898c818fe7e02f17263866b8550c7d5fb328",
                "sha256:add243d204e125f189819db65eed55e6b4713f70a7e9576c043178656529cec7",
                "sha256:b2c2537863eccef2d41061e82a881dcabb04944c5c06c5aa7110b577cc487545",
                "sha256:bc65bdd9fc8de7a35a74cab1c898cab391a4add33a8fe740bda00f5976ca4708",
                "sha256:bdc69d0d3d989a1029df0eed67cc5e8e5d968f3724f4519bd03e0ec68df7543c",
                "sha256:bffc92138d75664b6d543984db7893a628559b9e78658563b0395e2a5fb47ed9",
                "sha256:c25e30a20e1b426e1f0fa00131c516f16e474204eee1139d1603e132acffc314",
                "sha256:c7947ab8d589e3178da3d7cdeabe14f841b391e17046954f2fbcd941705762b5",
                "sha256:c84b239a1f4ec62e9c789aafe0543f0594f0acd90c8d9e15bcece3efe55eca66",
                "sha256:c885da45e70139464f082018ac527fdaad26f1657a99ee13eecdce0f0ca24ab4",
                "sha256:d9825410197a97685d6a1fa2a86196430b01877d64458a20e95d4fd00d739a08",
                "sha256:da4fa650cef02db88c2b98acc5434461e027dce0ae8c22dd5a69013eaf510006",
                "sha256:df027262368334552db2c0ce39706b3fb32022d1dce34673d0f9422df004b96a",
                "sha256:ebfff755c360d674306e5891c564a274a47953562b42fb74a5c25b8fc1fb1cb5",
                "sha256:eca54f4bb349d45afc17e3011ed4264ef1cc9e266699874cdd1349c504e64798",
                "sha256:f489c4765093fb60e2edafdf223397bc716491b2b69fe74367b70d6999257a5c",
                "sha256:fdfac7cda115bca3a5abb2f9e43bc2fb66c2b65ab074913643803ca7083a79ea",
                "sha256:febec69c0291efd056c65691b6d9a339f8b4bc43c6635b8699471248fe897fea"
            ],
            "markers": "python_version >= '2.7' and python_version not in '3.0, 3.1, 3.2, 3.3, 3.4, 3.5, 3.6'",
            "version": "==3.23.0"
        },
        "pydantic": {
            "hashes": [
                "sha256:05e00dbebbe810b33c7a7362f231893183bcc4251f3f2ff991c31d5c08240c42",
                "sha256:06094d18dd5e6f2bbf93efa54991c3240964bb663b87729ac340eb5014310624",
                "sha256:0b959f4d8211fc964772b595ebb25f7652da3f22322c007b6fed26846a40685e",
                "sha256:19b3b9ccf97af2b7519c42032441a891a5e05c68368f40865a90eb88833c2559",
                "sha256:1b6ee725bd6e83ec78b1aa32c5b1fa67a3a65badddde3976bca5fe4568f27709",
                "sha256:1ee433e274268a4b0c8fde7ad9d58ecba12b069a033ecc4645bb6303c062d2e9",
                "sha256:216f3bcbf19c726b1cc22b099dd409aa371f55c08800bcea4c44c8f74b73478d",
                "sha256:2d0567e60eb01bccda3a4df01df677adf6b437958d35c12a3ac3e0f078b0ee52",
                "sha256:2e05aed07fa02231dbf03d0adb1be1d79cabb09025dd45aa094aa8b4e7b9dcda",
                "sha256:352aedb1d71b8b0736c6d56ad2bd34c6982720644b0624462059ab29bd6e5912",
                "sha256:355639d9afc76bcb9b0c3000ddcd08472ae75318a6eb67a15866b87e2efa168c",
                "sha256:37c90345ec7dd2f1bcef82ce49b6235b40f282b94d3eec47e801baf864d15525",
                "sha256:4b8795290deaae348c4eba0cebb196e1c6b98bdbe7f50b2d0d9a4a99716342fe",
                "sha256:5760e164b807a48a8f25f8aa1a6d857e6ce62e7ec83ea5d5c5a802eac81bad41",
                "sha256:6eb843dcc411b6a2237a694f5e1d649fc66c6064d02b204a7e9d194dff81eb4b",
                "sha256:7b5ba54d026c2bd2cb769d3468885f23f43710f651688e91f5fb1edcf0ee9283",
                "sha256:7c2abc4393dea97a4ccbb4ec7d8658d4e22c4765b7b9b9445588f16c71ad9965",
                "sha256:81a7b66c3f499108b448f3f004801fcd7d7165fb4200acb03f1c2402da73ce4c",
                "sha256:91b8e218852ef6007c2b98cd861601c6a09f1aa32bbbb74fab5b1c33d4a1e410",
                "sha256:9300fcbebf85f6339a02c6994b2eb3ff1b9c8c14f502058b5bf349d42447dcf5",
                "sha256:9cabf4a7f05a776e7793e72793cd92cc865ea0e83a819f9ae4ecccb1b8aa6116",
                "sha256:a1f5a63a6dfe19d719b1b6e6106561869d2efaca6167f84f5ab9347887d78b98",
                "sha256:a4c805731c33a8db4b6ace45ce440c4ef5336e712508b4d9e1aafa617dc9907f",
                "sha256:ae544c47bec47a86bc7d350f965d8b15540e27e5aa4f55170ac6a75e5f73b644",
                "sha256:b97890e56a694486f772d36efd2ba31612739bc6f3caeee50e9e7e3ebd2fdd13",
                "sha256:bb6ad4489af1bac6955d38ebcb95079a836af31e4c4f74aba1ca05bb9f6027bd",
                "sha256:bedf309630209e78582ffacda64a21f96f3ed2e51fbf3962d4d488e503420254",
                "sha256:c1ba1afb396148bbc70e9eaa8c06c1716fdddabaf86e7027c5988bae2a829ab6",
                "sha256:c33602f93bfb67779f9c507e4d69451664524389546bacfe1bee13cae6dc7488",
                "sha256:c4aac8e7103bf598373208f6299fa9a5cfd1fc571f2d40bf1dd1955a63d6eeb5",
                "sha256:c6f981882aea41e021f72779ce2a4e87267458cc4d39ea990729e21ef18f0f8c",
                "sha256:cc78cc83110d2f275ec1970e7a831f4e371ee92405332ebfe9860a715f8336e1",
                "sha256:d49f3db871575e0426b12e2f32fdb25e579dea16486a26e5a0474af87cb1ab0a",
                "sha256:dd3f9a40c16daf323cf913593083698caee97df2804aa36c4b3175d5ac1b92a2",
                "sha256:e0bedafe4bc165ad0a56ac0bd7695df25c50f76961da29c050712596cf092d6d",
                "sha256:e9069e1b01525a96e6ff49e25876d90d5a563bc31c658289a8772ae186552236"
            ],
            "index": "pypi",
            "markers": "python_version >= '3.7'",
            "version": "==1.10.2"
        },
        "requests": {
            "hashes": [
                "sha256:7c5599b102feddaa661c826c56ab4fee28bfd17f5abca1ebbe3e7f19d7c97983",
                "sha256:8fefa2a1a1365bf5520aac41836fbee479da67864514bdb821f31ce07ce65349"
            ],
            "index": "pypi",
            "markers": "python_version >= '3.7' and python_version < '4'",
            "version": "==2.28.1"
        },
        "typing-extensions": {
            "hashes": [
                "sha256:0cea48d173cc12fa28ecabc3b837ea3cf6f38c6d1136f85cbaaf598984861466",
                "sha256:f0fa19c6845758ab08074a0cfa8b7aecb71c999ca73d62883bc25cc018c4e548"
            ],
            "markers": "python_version >= '3.9'",
            "version": "==4.15.0"
        },
        "urllib3": {
            "hashes": [
                "sha256:0ed14ccfbf1c30a9072c7ca157e4319b70d65f623e91e7b32fadb2853431016e",
                "sha256:40c2dc0c681e47eb8f90e7e27bf6ff7df2e677421fd46756da1161c39ca70d32"
            ],
            "markers": "python_version >= '2.7' and python_version not in '3.0, 3.1, 3.2, 3.3, 3.4, 3.5'",
            "version": "==1.26.20"
        },
        "websockets": {
            "hashes": [
                "sha256:0701bc3cfcb9164d04a14b149fd74be7347a530ad3bbf15ab2c678a2cd3dd9a2",
                "sha256:0a34631031a8f05657e8e90903e656959234f3a04552259458aac0b0f9ae6fd9",
                "sha256:0af68c55afbd5f07986df82831c7bff04846928ea8d1fd7f30052638788bc9b5",
                "sha256:0c9e74d766f2818bb95f84c25be4dea09841ac0f734d1966f415e4edfc4ef1c3",
                "sha256:0f3c1e2ab208db911594ae5b4f79addeb3501604a165019dd221c0bdcabe4db8",
                "sha256:0fdfe3e2a29e4db3659dbd5bbf04560cea53dd9610273917799f1cde46aa725e",
                "sha256:1009ee0c7739c08a0cd59de430d6de452a55e42d6b522de7aa15e6f67db0b8e1",
                "sha256:1234d4ef35db82f5446dca8e35a7da7964d02c127b095e172e54397fb6a6c256",
                "sha256:16b6c1b3e57799b9d38427dda63edcbe4926352c47cf88588c0be4ace18dac85",
                "sha256:2034693ad3097d5355bfdacfffcbd3ef5694f9718ab7f29c29689a9eae841880",
                "sha256:21c1fa28a6a7e3cbdc171c694398b6df4744613ce9b36b1a498e816787e28123",
                "sha256:229cf1d3ca6c1804400b0a9790dc66528e08a6a1feec0d5040e8b9eb14422375",
                "sha256:27ccee0071a0e75d22cb35849b1db43f2ecd3e161041ac1ee9d2352ddf72f065",
                "sha256:363c6f671b761efcb30608d24925a382497c12c506b51661883c3e22337265ed",
                "sha256:39c1fec2c11dc8d89bba6b2bf1556af381611a173ac2b511cf7231622058af41",
                "sha256:3b1ac0d3e594bf121308112697cf4b32be538fb1444468fb0a6ae4feebc83411",
                "sha256:3be571a8b5afed347da347bfcf27ba12b069d9d7f42cb8c7028b5e98bbb12597",
                "sha256:3c714d2fc58b5ca3e285461a4cc0c9a66bd0e24c5da9911e30158286c9b5be7f",
                "sha256:3d00075aa65772e7ce9e990cab3ff1de702aa09be3940d1dc88d5abf1ab8a09c",
                "sha256:3e90baa811a5d73f3ca0bcbf32064d663ed81318ab225ee4f427ad4e26e5aff3",
                "sha256:47819cea040f31d670cc8d324bb6435c6f133b8c7a19ec3d61634e62f8d8f9eb",
                "sha256:47b099e1f4fbc95b701b6e85768e1fcdaf1630f3cbe4765fa216596f12310e2e",
                "sha256:4a9fac8e469d04ce6c25bb2610dc535235bd4aa14996b4e6dbebf5e007eba5ee",
                "sha256:4b826973a4a2ae47ba357e4e82fa44a463b8f168e1ca775ac64521442b19e87f",
                "sha256:4c2529b320eb9e35af0fa3016c187dffb84a3ecc572bcee7c3ce302bfeba52bf",
                "sha256:54479983bd5fb469c38f2f5c7e3a24f9a4e70594cd68cd1fa6b9340dadaff7cf",
                "sha256:558d023b3df0bffe50a04e710bc87742de35060580a293c2a984299ed83bc4e4",
                "sha256:5756779642579d902eed757b21b0164cd6fe338506a8083eb58af5c372e39d9a",
                "sha256:592f1a9fe869c778694f0aa806ba0374e97648ab57936f092fd9d87f8bc03665",
                "sha256:595b6c3969023ecf9041b2936ac3827e4623bfa3ccf007575f04c5a6aa318c22",
                "sha256:5a939de6b7b4e18ca683218320fc67ea886038265fd1ed30173f5ce3f8e85675",
                "sha256:5d54b09eba2bada6011aea5375542a157637b91029687eb4fdb2dab11059c1b4",
                "sha256:5df592cd503496351d6dc14f7cdad49f268d8e618f80dce0cd5a36b93c3fc08d",
                "sha256:5f4c04ead5aed67c8a1a20491d54cdfba5884507a48dd798ecaf13c74c4489f5",
                "sha256:64dee438fed052b52e4f98f76c5790513235efaa1ef7f3f2192c392cd7c91b65",
                "sha256:66dd88c918e3287efc22409d426c8f729688d89a0c587c88971a0faa2c2f3792",
                "sha256:678999709e68425ae2593acf2e3ebcbcf2e69885a5ee78f9eb80e6e371f1bf57",
                "sha256:67f2b6de947f8c757db2db9c71527933ad0019737ec374a8a6be9a956786aaf9",
                "sha256:693f0192126df6c2327cce3baa7c06f2a117575e32ab2308f7f8216c29d9e2e3",
                "sha256:746ee8dba912cd6fc889a8147168991d50ed70447bf18bcda7039f7d2e3d9151",
                "sha256:756c56e867a90fb00177d530dca4b097dd753cde348448a1012ed6c5131f8b7d",
                "sha256:76d1f20b1c7a2fa82367e04982e708723ba0e7b8d43aa643d3dcd404d74f1475",
                "sha256:7f493881579c90fc262d9cdbaa05a6b54b3811c2f300766748db79f098db9940",
                "sha256:823c248b690b2fd9303ba00c4f66cd5e2d8c3ba4aa968b2779be9532a4dad431",
                "sha256:82544de02076bafba038ce055ee6412d68da13ab47f0c60cab827346de828dee",
                "sha256:8dd8327c795b3e3f219760fa603dcae1dcc148172290a8ab15158cf85a953413",
                "sha256:8fdc51055e6ff4adeb88d58a11042ec9a5eae317a0a53d12c062c8a8865909e8",
                "sha256:a625e06551975f4b7ea7102bc43895b90742746797e2e14b70ed61c43a90f09b",
                "sha256:abdc0c6c8c648b4805c5eacd131910d2a7f6455dfd3becab248ef108e89ab16a",
                "sha256:ac017dd64572e5c3bd01939121e4d16cf30e5d7e110a119399cf3133b63ad054",
                "sha256:ac1e5c9054fe23226fb11e05a6e630837f074174c4c2f0fe442996112a6de4fb",
                "sha256:ac60e3b188ec7574cb761b08d50fcedf9d77f1530352db4eef1707fe9dee7205",
                "sha256:b359ed09954d7c18bbc1680f380c7301f92c60bf924171629c5db97febb12f04",
                "sha256:b7643a03db5c95c799b89b31c036d5f27eeb4d259c798e878d6937d71832b1e4",
                "sha256:ba9e56e8ceeeedb2e080147ba85ffcd5cd0711b89576b83784d8605a7df455fa",
                "sha256:c338ffa0520bdb12fbc527265235639fb76e7bc7faafbb93f6ba80d9c06578a9",
                "sha256:cad21560da69f4ce7658ca2cb83138fb4cf695a2ba3e475e0559e05991aa8122",
                "sha256:d08eb4c2b7d6c41da6ca0600c077e93f5adcfd979cd777d747e9ee624556da4b",
                "sha256:d50fd1ee42388dcfb2b3676132c78116490976f1300da28eb629272d5d93e905",
                "sha256:d591f8de75824cbb7acad4e05d2d710484f15f29d4a915092675ad3456f11770",
                "sha256:d5f6b181bb38171a8ad1d6aa58a67a6aa9d4b38d0f8c5f496b9e42561dfc62fe",
                "sha256:d63efaa0cd96cf0c5fe4d581521d9fa87744540d4bc999ae6e08595a1014b45b",
                "sha256:d99e5546bf73dbad5bf3547174cd6cb8ba7273062a23808ffea025ecb1cf8562",
                "sha256:e09473f095a819042ecb2ab9465aee615bd9c2028e4ef7d933600a8401c79561",
                "sha256:e8b56bdcdb4505c8078cb6c7157d9811a85790f2f2b3632c7d1462ab5783d215",
                "sha256:ee443ef070bb3b6ed74514f5efaa37a252af57c90eb33b956d35c8e9c10a1931",
                "sha256:f29d80eb9a9263b8d109135351caf568cc3f80b9928bccde535c235de55c22d9",
                "sha256:f7a866fbc1e97b5c617ee4116daaa09b722101d4a3c170c787450ba409f9736f",
                "sha256:fcd5cf9e305d7b8338754470cf69cf81f420459dbae8a3b40cee57417f4614a7"
            ],
            "markers": "python_version >= '3.9'",
            "version": "==15.0.1"
        },
        "yt-dlp": {
            "hashes": [
                "sha256:1772a2e6f32b971b4d026deae3044f576b8052035255ca340f345cfe90d38d38",
                "sha256:cc21d91048b275bda7018bdc3103374882261ccf29720206d61b10e168c8b719"
            ],
            "index": "pypi",
            "markers": "python_version >= '3.7'",
            "version": "==2022.10.4"
        }
    },
    "develop": {}
}
